
Microsoft Visual Studio Solution File, Format Version 12.00
# Visual Studio Version 17
VisualStudioVersion = 17.2.32526.322
MinimumVisualStudioVersion = 10.0.40219.1
Project("{FAE04EC0-301F-11D3-BF4B-00C04F79EFBC}") = "Customer", "Lab02\Customer.csproj", "{0300BA9A-9A0C-4DD0-BA21-2DBD2155C223}"
EndProject
Project("{2150E333-8FDC-42A3-9474-1A3956D46DE8}") = "Part1_ex1", "Part1_ex1", "{0B2DF17F-EC6F-40AA-B60F-DAF914B8AAC6}"
EndProject
Project("{2150E333-8FDC-42A3-9474-1A3956D46DE8}") = "Part1_ex2", "Part1_ex2", "{2E995841-F49B-415E-BD07-2883EDF187F2}"
EndProject
Project("{FAE04EC0-301F-11D3-BF4B-00C04F79EFBC}") = "ExHandling1", "ExHandling1\ExHandling1.csproj", "{7B65A125-4DEA-4EBF-A9E0-973B9A292609}"
EndProject
Project("{2150E333-8FDC-42A3-9474-1A3956D46DE8}") = "Part1_Ex3", "Part1_Ex3", "{85AB520F-A359-43D3-9E04-2FBBD67EB432}"
EndProject
Project("{FAE04EC0-301F-11D3-BF4B-00C04F79EFBC}") = "ExHandling2", "ExHandling2\ExHandling2.csproj", "{33A876F8-CD94-4B86-9F36-53AC7CC810DE}"
EndProject
Project("{2150E333-8FDC-42A3-9474-1A3956D46DE8}") = "Part1_Ex4", "Part1_Ex4", "{0090CBEB-0484-41A3-9181-6B816ADAD55C}"
EndProject
Project("{FAE04EC0-301F-11D3-BF4B-00C04F79EFBC}") = "ExHandling3", "ExHandling3\ExHandling3.csproj", "{2626FE03-3A52-4600-A268-2C796A57E420}"
EndProject
Project("{2150E333-8FDC-42A3-9474-1A3956D46DE8}") = "Part1_Ex5", "Part1_Ex5", "{BA539D9C-C74F-4C2D-AEE0-72BC9987BF31}"
EndProject
Project("{FAE04EC0-301F-11D3-BF4B-00C04F79EFBC}") = "FinallyStmt", "FinallyStmt\FinallyStmt.csproj", "{5E2D46DF-99BE-4B72-BAD1-A49EB50D76F9}"
EndProject
Project("{2150E333-8FDC-42A3-9474-1A3956D46DE8}") = "Part3_Ex1", "Part3_Ex1", "{B97742F8-F2D3-4D59-ACD7-ABFE75C1C1FE}"
EndProject
Project("{FAE04EC0-301F-11D3-BF4B-00C04F79EFBC}") = "Customer", "Customer\Customer.csproj", "{C3C1F7E9-4325-43DD-B520-294F6659B213}"
EndProject
Project("{2150E333-8FDC-42A3-9474-1A3956D46DE8}") = "Part3_Ex2", "Part3_Ex2", "{2B05A48D-C1B4-4DC5-889C-706113B846E6}"
EndProject
Project("{FAE04EC0-301F-11D3-BF4B-00C04F79EFBC}") = "Part3_ex2", "Part3_ex2\Part3_ex2.csproj", "{EFBF2865-CE71-4CE4-A917-8CECD84092E7}"
EndProject
Global
	GlobalSection(SolutionConfigurationPlatforms) = preSolution
		Debug|Any CPU = Debug|Any CPU
		Release|Any CPU = Release|Any CPU
	EndGlobalSection
	GlobalSection(ProjectConfigurationPlatforms) = postSolution
		{0300BA9A-9A0C-4DD0-BA21-2DBD2155C223}.Debug|Any CPU.ActiveCfg = Debug|Any CPU
		{0300BA9A-9A0C-4DD0-BA21-2DBD2155C223}.Debug|Any CPU.Build.0 = Debug|Any CPU
		{0300BA9A-9A0C-4DD0-BA21-2DBD2155C223}.Release|Any CPU.ActiveCfg = Release|Any CPU
		{0300BA9A-9A0C-4DD0-BA21-2DBD2155C223}.Release|Any CPU.Build.0 = Release|Any CPU
		{7B65A125-4DEA-4EBF-A9E0-973B9A292609}.Debug|Any CPU.ActiveCfg = Debug|Any CPU
		{7B65A125-4DEA-4EBF-A9E0-973B9A292609}.Debug|Any CPU.Build.0 = Debug|Any CPU
		{7B65A125-4DEA-4EBF-A9E0-973B9A292609}.Release|Any CPU.ActiveCfg = Release|Any CPU
		{7B65A125-4DEA-4EBF-A9E0-973B9A292609}.Release|Any CPU.Build.0 = Release|Any CPU
		{33A876F8-CD94-4B86-9F36-53AC7CC810DE}.Debug|Any CPU.ActiveCfg = Debug|Any CPU
		{33A876F8-CD94-4B86-9F36-53AC7CC810DE}.Debug|Any CPU.Build.0 = Debug|Any CPU
		{33A876F8-CD94-4B86-9F36-53AC7CC810DE}.Release|Any CPU.ActiveCfg = Release|Any CPU
		{33A876F8-CD94-4B86-9F36-53AC7CC810DE}.Release|Any CPU.Build.0 = Release|Any CPU
		{2626FE03-3A52-4600-A268-2C796A57E420}.Debug|Any CPU.ActiveCfg = Debug|Any CPU
		{2626FE03-3A52-4600-A268-2C796A57E420}.Debug|Any CPU.Build.0 = Debug|Any CPU
		{2626FE03-3A52-4600-A268-2C796A57E420}.Release|Any CPU.ActiveCfg = Release|Any CPU
		{2626FE03-3A52-4600-A268-2C796A57E420}.Release|Any CPU.Build.0 = Release|Any CPU
		{5E2D46DF-99BE-4B72-BAD1-A49EB50D76F9}.Debug|Any CPU.ActiveCfg = Debug|Any CPU
		{5E2D46DF-99BE-4B72-BAD1-A49EB50D76F9}.Debug|Any CPU.Build.0 = Debug|Any CPU
		{5E2D46DF-99BE-4B72-BAD1-A49EB50D76F9}.Release|Any CPU.ActiveCfg = Release|Any CPU
		{5E2D46DF-99BE-4B72-BAD1-A49EB50D76F9}.Release|Any CPU.Build.0 = Release|Any CPU
		{C3C1F7E9-4325-43DD-B520-294F6659B213}.Debug|Any CPU.ActiveCfg = Debug|Any CPU
		{C3C1F7E9-4325-43DD-B520-294F6659B213}.Debug|Any CPU.Build.0 = Debug|Any CPU
		{C3C1F7E9-4325-43DD-B520-294F6659B213}.Release|Any CPU.ActiveCfg = Release|Any CPU
		{C3C1F7E9-4325-43DD-B520-294F6659B213}.Release|Any CPU.Build.0 = Release|Any CPU
		{EFBF2865-CE71-4CE4-A917-8CECD84092E7}.Debug|Any CPU.ActiveCfg = Debug|Any CPU
		{EFBF2865-CE71-4CE4-A917-8CECD84092E7}.Debug|Any CPU.Build.0 = Debug|Any CPU
		{EFBF2865-CE71-4CE4-A917-8CECD84092E7}.Release|Any CPU.ActiveCfg = Release|Any CPU
		{EFBF2865-CE71-4CE4-A917-8CECD84092E7}.Release|Any CPU.Build.0 = Release|Any CPU
	EndGlobalSection
	GlobalSection(SolutionProperties) = preSolution
		HideSolutionNode = FALSE
	EndGlobalSection
	GlobalSection(NestedProjects) = preSolution
		{0300BA9A-9A0C-4DD0-BA21-2DBD2155C223} = {0B2DF17F-EC6F-40AA-B60F-DAF914B8AAC6}
		{7B65A125-4DEA-4EBF-A9E0-973B9A292609} = {2E995841-F49B-415E-BD07-2883EDF187F2}
		{33A876F8-CD94-4B86-9F36-53AC7CC810DE} = {85AB520F-A359-43D3-9E04-2FBBD67EB432}
		{2626FE03-3A52-4600-A268-2C796A57E420} = {0090CBEB-0484-41A3-9181-6B816ADAD55C}
		{5E2D46DF-99BE-4B72-BAD1-A49EB50D76F9} = {BA539D9C-C74F-4C2D-AEE0-72BC9987BF31}
		{C3C1F7E9-4325-43DD-B520-294F6659B213} = {B97742F8-F2D3-4D59-ACD7-ABFE75C1C1FE}
		{EFBF2865-CE71-4CE4-A917-8CECD84092E7} = {2B05A48D-C1B4-4DC5-889C-706113B846E6}
	EndGlobalSection
	GlobalSection(ExtensibilityGlobals) = postSolution
		SolutionGuid = {D0B1A382-574F-4E56-9290-575ACF2E81A8}
	EndGlobalSection
EndGlobal
