
Microsoft Visual Studio Solution File, Format Version 12.00
# Visual Studio Version 17
VisualStudioVersion = 17.4.33110.190
MinimumVisualStudioVersion = 10.0.40219.1
Project("{FAE04EC0-301F-11D3-BF4B-00C04F79EFBC}") = "ShoppingMobile1", "ShoppingMobile1\ShoppingMobile1.csproj", "{133F3171-D1E9-478E-93F1-F5EE7B2BBE54}"
EndProject
Global
	GlobalSection(SolutionConfigurationPlatforms) = preSolution
		Debug|Any CPU = Debug|Any CPU
		Release|Any CPU = Release|Any CPU
	EndGlobalSection
	GlobalSection(ProjectConfigurationPlatforms) = postSolution
		{133F3171-D1E9-478E-93F1-F5EE7B2BBE54}.Debug|Any CPU.ActiveCfg = Debug|Any CPU
		{133F3171-D1E9-478E-93F1-F5EE7B2BBE54}.Debug|Any CPU.Build.0 = Debug|Any CPU
		{133F3171-D1E9-478E-93F1-F5EE7B2BBE54}.Release|Any CPU.ActiveCfg = Release|Any CPU
		{133F3171-D1E9-478E-93F1-F5EE7B2BBE54}.Release|Any CPU.Build.0 = Release|Any CPU
	EndGlobalSection
	GlobalSection(SolutionProperties) = preSolution
		HideSolutionNode = FALSE
	EndGlobalSection
	GlobalSection(ExtensibilityGlobals) = postSolution
		SolutionGuid = {8B80F99F-E1BE-45F9-BCB3-B3C41B00BE41}
	EndGlobalSection
EndGlobal
