
Microsoft Visual Studio Solution File, Format Version 12.00
# Visual Studio Version 17
VisualStudioVersion = 17.4.33110.190
MinimumVisualStudioVersion = 10.0.40219.1
Project("{FAE04EC0-301F-11D3-BF4B-00C04F79EFBC}") = "eShopSolutionWebApp", "eShopSolutionWebApp\eShopSolutionWebApp.csproj", "{031E75D8-9A0C-4143-9848-ADEF6BFC5EE1}"
EndProject
Global
	GlobalSection(SolutionConfigurationPlatforms) = preSolution
		Debug|Any CPU = Debug|Any CPU
		Release|Any CPU = Release|Any CPU
	EndGlobalSection
	GlobalSection(ProjectConfigurationPlatforms) = postSolution
		{031E75D8-9A0C-4143-9848-ADEF6BFC5EE1}.Debug|Any CPU.ActiveCfg = Debug|Any CPU
		{031E75D8-9A0C-4143-9848-ADEF6BFC5EE1}.Debug|Any CPU.Build.0 = Debug|Any CPU
		{031E75D8-9A0C-4143-9848-ADEF6BFC5EE1}.Release|Any CPU.ActiveCfg = Release|Any CPU
		{031E75D8-9A0C-4143-9848-ADEF6BFC5EE1}.Release|Any CPU.Build.0 = Release|Any CPU
	EndGlobalSection
	GlobalSection(SolutionProperties) = preSolution
		HideSolutionNode = FALSE
	EndGlobalSection
	GlobalSection(ExtensibilityGlobals) = postSolution
		SolutionGuid = {5BE5FBEC-F468-4B6C-B4C4-FA5D8F034430}
	EndGlobalSection
EndGlobal
