
Microsoft Visual Studio Solution File, Format Version 12.00
# Visual Studio Version 17
VisualStudioVersion = 17.2.32602.215
MinimumVisualStudioVersion = 10.0.40219.1
Project("{FAE04EC0-301F-11D3-BF4B-00C04F79EFBC}") = "test", "test\test.csproj", "{8368083D-01F1-442A-A37F-7AA5F16D5658}"
EndProject
Global
	GlobalSection(SolutionConfigurationPlatforms) = preSolution
		Debug|Any CPU = Debug|Any CPU
		Release|Any CPU = Release|Any CPU
	EndGlobalSection
	GlobalSection(ProjectConfigurationPlatforms) = postSolution
		{8368083D-01F1-442A-A37F-7AA5F16D5658}.Debug|Any CPU.ActiveCfg = Debug|Any CPU
		{8368083D-01F1-442A-A37F-7AA5F16D5658}.Debug|Any CPU.Build.0 = Debug|Any CPU
		{8368083D-01F1-442A-A37F-7AA5F16D5658}.Release|Any CPU.ActiveCfg = Release|Any CPU
		{8368083D-01F1-442A-A37F-7AA5F16D5658}.Release|Any CPU.Build.0 = Release|Any CPU
	EndGlobalSection
	GlobalSection(SolutionProperties) = preSolution
		HideSolutionNode = FALSE
	EndGlobalSection
	GlobalSection(ExtensibilityGlobals) = postSolution
		SolutionGuid = {2F652634-0C61-415C-961F-FD1DC401906A}
	EndGlobalSection
EndGlobal
