
Microsoft Visual Studio Solution File, Format Version 12.00
# Visual Studio Version 17
VisualStudioVersion = 17.2.32602.215
MinimumVisualStudioVersion = 10.0.40219.1
Project("{FAE04EC0-301F-11D3-BF4B-00C04F79EFBC}") = "Lab7", "Lab7\Lab7.csproj", "{07D03205-7836-4DAD-86B1-E4DCB7CF6952}"
EndProject
Global
	GlobalSection(SolutionConfigurationPlatforms) = preSolution
		Debug|Any CPU = Debug|Any CPU
		Release|Any CPU = Release|Any CPU
	EndGlobalSection
	GlobalSection(ProjectConfigurationPlatforms) = postSolution
		{07D03205-7836-4DAD-86B1-E4DCB7CF6952}.Debug|Any CPU.ActiveCfg = Debug|Any CPU
		{07D03205-7836-4DAD-86B1-E4DCB7CF6952}.Debug|Any CPU.Build.0 = Debug|Any CPU
		{07D03205-7836-4DAD-86B1-E4DCB7CF6952}.Release|Any CPU.ActiveCfg = Release|Any CPU
		{07D03205-7836-4DAD-86B1-E4DCB7CF6952}.Release|Any CPU.Build.0 = Release|Any CPU
	EndGlobalSection
	GlobalSection(SolutionProperties) = preSolution
		HideSolutionNode = FALSE
	EndGlobalSection
	GlobalSection(ExtensibilityGlobals) = postSolution
		SolutionGuid = {8D6EDA13-FFD2-49B2-986F-CEB143258CC3}
	EndGlobalSection
EndGlobal
